// !$*UTF8*$!
{
	archiveVersion = 1;
	classes = {
	};
	objectVersion = 51;
	objects = {

/* Begin PBXBuildFile section */
		0EA2474E62B4FFE3695659FD /* Pods_ParstagramTests.framework in Frameworks */ = {isa = PBXBuildFile; fileRef = F2FFC8C2601DA71C913749A2 /* Pods_ParstagramTests.framework */; };
		1D5CFE5039075D8246F6754F /* Pods_Parstagram_ParstagramUITests.framework in Frameworks */ = {isa = PBXBuildFile; fileRef = 1F64ADD5CD5ED936BDBF2D22 /* Pods_Parstagram_ParstagramUITests.framework */; };
		5E65501625F73B2D009EB3DE /* AppDelegate.swift in Sources */ = {isa = PBXBuildFile; fileRef = 5E65501525F73B2D009EB3DE /* AppDelegate.swift */; };
		5E65501825F73B2D009EB3DE /* SceneDelegate.swift in Sources */ = {isa = PBXBuildFile; fileRef = 5E65501725F73B2D009EB3DE /* SceneDelegate.swift */; };
		5E65501D25F73B2D009EB3DE /* Main.storyboard in Resources */ = {isa = PBXBuildFile; fileRef = 5E65501B25F73B2D009EB3DE /* Main.storyboard */; };
		5E65501F25F73B2F009EB3DE /* Assets.xcassets in Resources */ = {isa = PBXBuildFile; fileRef = 5E65501E25F73B2F009EB3DE /* Assets.xcassets */; };
		5E65502225F73B2F009EB3DE /* LaunchScreen.storyboard in Resources */ = {isa = PBXBuildFile; fileRef = 5E65502025F73B2F009EB3DE /* LaunchScreen.storyboard */; };
		5E65502D25F73B2F009EB3DE /* ParstagramTests.swift in Sources */ = {isa = PBXBuildFile; fileRef = 5E65502C25F73B2F009EB3DE /* ParstagramTests.swift */; };
		5E65503825F73B2F009EB3DE /* ParstagramUITests.swift in Sources */ = {isa = PBXBuildFile; fileRef = 5E65503725F73B2F009EB3DE /* ParstagramUITests.swift */; };
		5E65504C25F73EB1009EB3DE /* LoginViewController.swift in Sources */ = {isa = PBXBuildFile; fileRef = 5E65504B25F73EB1009EB3DE /* LoginViewController.swift */; };
		5E65505125F73EBC009EB3DE /* FeedViewController.swift in Sources */ = {isa = PBXBuildFile; fileRef = 5E65505025F73EBC009EB3DE /* FeedViewController.swift */; };
		5E65506225F7D4D5009EB3DE /* CameraViewController.swift in Sources */ = {isa = PBXBuildFile; fileRef = 5E65506125F7D4D5009EB3DE /* CameraViewController.swift */; };
		5E65507225F7FD36009EB3DE /* PostCell.swift in Sources */ = {isa = PBXBuildFile; fileRef = 5E65507125F7FD36009EB3DE /* PostCell.swift */; };
		5E6918B726017EDC0088DA57 /* CommentCell.swift in Sources */ = {isa = PBXBuildFile; fileRef = 5E6918B626017EDC0088DA57 /* CommentCell.swift */; };
		79E8FDCF88451317606AA651 /* Pods_Parstagram.framework in Frameworks */ = {isa = PBXBuildFile; fileRef = F57F582E73D5E093DEC52F0C /* Pods_Parstagram.framework */; };
/* End PBXBuildFile section */

/* Begin PBXContainerItemProxy section */
		5E65502925F73B2F009EB3DE /* PBXContainerItemProxy */ = {
			isa = PBXContainerItemProxy;
			containerPortal = 5E65500A25F73B2D009EB3DE /* Project object */;
			proxyType = 1;
			remoteGlobalIDString = 5E65501125F73B2D009EB3DE;
			remoteInfo = Parstagram;
		};
		5E65503425F73B2F009EB3DE /* PBXContainerItemProxy */ = {
			isa = PBXContainerItemProxy;
			containerPortal = 5E65500A25F73B2D009EB3DE /* Project object */;
			proxyType = 1;
			remoteGlobalIDString = 5E65501125F73B2D009EB3DE;
			remoteInfo = Parstagram;
		};
/* End PBXContainerItemProxy section */

/* Begin PBXFileReference section */
		0242FDC81D7A827495E04E13 /* Pods-ParstagramTests.release.xcconfig */ = {isa = PBXFileReference; includeInIndex = 1; lastKnownFileType = text.xcconfig; name = "Pods-ParstagramTests.release.xcconfig"; path = "Target Support Files/Pods-ParstagramTests/Pods-ParstagramTests.release.xcconfig"; sourceTree = "<group>"; };
		02A79F8F07C0C728B24357C5 /* Pods-Parstagram.release.xcconfig */ = {isa = PBXFileReference; includeInIndex = 1; lastKnownFileType = text.xcconfig; name = "Pods-Parstagram.release.xcconfig"; path = "Target Support Files/Pods-Parstagram/Pods-Parstagram.release.xcconfig"; sourceTree = "<group>"; };
		174CF91C467FC26C8A73E750 /* Pods-ParstagramTests.debug.xcconfig */ = {isa = PBXFileReference; includeInIndex = 1; lastKnownFileType = text.xcconfig; name = "Pods-ParstagramTests.debug.xcconfig"; path = "Target Support Files/Pods-ParstagramTests/Pods-ParstagramTests.debug.xcconfig"; sourceTree = "<group>"; };
		1F64ADD5CD5ED936BDBF2D22 /* Pods_Parstagram_ParstagramUITests.framework */ = {isa = PBXFileReference; explicitFileType = wrapper.framework; includeInIndex = 0; path = Pods_Parstagram_ParstagramUITests.framework; sourceTree = BUILT_PRODUCTS_DIR; };
		2F7192E5F04A9BF2376B1A65 /* Pods-Parstagram.debug.xcconfig */ = {isa = PBXFileReference; includeInIndex = 1; lastKnownFileType = text.xcconfig; name = "Pods-Parstagram.debug.xcconfig"; path = "Target Support Files/Pods-Parstagram/Pods-Parstagram.debug.xcconfig"; sourceTree = "<group>"; };
		5E65501225F73B2D009EB3DE /* Parstagram.app */ = {isa = PBXFileReference; explicitFileType = wrapper.application; includeInIndex = 0; path = Parstagram.app; sourceTree = BUILT_PRODUCTS_DIR; };
		5E65501525F73B2D009EB3DE /* AppDelegate.swift */ = {isa = PBXFileReference; lastKnownFileType = sourcecode.swift; path = AppDelegate.swift; sourceTree = "<group>"; };
		5E65501725F73B2D009EB3DE /* SceneDelegate.swift */ = {isa = PBXFileReference; lastKnownFileType = sourcecode.swift; path = SceneDelegate.swift; sourceTree = "<group>"; };
		5E65501C25F73B2D009EB3DE /* Base */ = {isa = PBXFileReference; lastKnownFileType = file.storyboard; name = Base; path = Base.lproj/Main.storyboard; sourceTree = "<group>"; };
		5E65501E25F73B2F009EB3DE /* Assets.xcassets */ = {isa = PBXFileReference; lastKnownFileType = folder.assetcatalog; path = Assets.xcassets; sourceTree = "<group>"; };
		5E65502125F73B2F009EB3DE /* Base */ = {isa = PBXFileReference; lastKnownFileType = file.storyboard; name = Base; path = Base.lproj/LaunchScreen.storyboard; sourceTree = "<group>"; };
		5E65502325F73B2F009EB3DE /* Info.plist */ = {isa = PBXFileReference; lastKnownFileType = text.plist.xml; path = Info.plist; sourceTree = "<group>"; };
		5E65502825F73B2F009EB3DE /* ParstagramTests.xctest */ = {isa = PBXFileReference; explicitFileType = wrapper.cfbundle; includeInIndex = 0; path = ParstagramTests.xctest; sourceTree = BUILT_PRODUCTS_DIR; };
		5E65502C25F73B2F009EB3DE /* ParstagramTests.swift */ = {isa = PBXFileReference; lastKnownFileType = sourcecode.swift; path = ParstagramTests.swift; sourceTree = "<group>"; };
		5E65502E25F73B2F009EB3DE /* Info.plist */ = {isa = PBXFileReference; lastKnownFileType = text.plist.xml; path = Info.plist; sourceTree = "<group>"; };
		5E65503325F73B2F009EB3DE /* ParstagramUITests.xctest */ = {isa = PBXFileReference; explicitFileType = wrapper.cfbundle; includeInIndex = 0; path = ParstagramUITests.xctest; sourceTree = BUILT_PRODUCTS_DIR; };
		5E65503725F73B2F009EB3DE /* ParstagramUITests.swift */ = {isa = PBXFileReference; lastKnownFileType = sourcecode.swift; path = ParstagramUITests.swift; sourceTree = "<group>"; };
		5E65503925F73B2F009EB3DE /* Info.plist */ = {isa = PBXFileReference; lastKnownFileType = text.plist.xml; path = Info.plist; sourceTree = "<group>"; };
		5E65504B25F73EB1009EB3DE /* LoginViewController.swift */ = {isa = PBXFileReference; lastKnownFileType = sourcecode.swift; path = LoginViewController.swift; sourceTree = "<group>"; };
		5E65505025F73EBC009EB3DE /* FeedViewController.swift */ = {isa = PBXFileReference; lastKnownFileType = sourcecode.swift; path = FeedViewController.swift; sourceTree = "<group>"; };
		5E65506125F7D4D5009EB3DE /* CameraViewController.swift */ = {isa = PBXFileReference; lastKnownFileType = sourcecode.swift; path = CameraViewController.swift; sourceTree = "<group>"; };
		5E65507125F7FD36009EB3DE /* PostCell.swift */ = {isa = PBXFileReference; lastKnownFileType = sourcecode.swift; path = PostCell.swift; sourceTree = "<group>"; };
		5E6918B626017EDC0088DA57 /* CommentCell.swift */ = {isa = PBXFileReference; lastKnownFileType = sourcecode.swift; path = CommentCell.swift; sourceTree = "<group>"; };
		D25C9BD2CC7F7563861EBDEF /* Pods-Parstagram-ParstagramUITests.debug.xcconfig */ = {isa = PBXFileReference; includeInIndex = 1; lastKnownFileType = text.xcconfig; name = "Pods-Parstagram-ParstagramUITests.debug.xcconfig"; path = "Target Support Files/Pods-Parstagram-ParstagramUITests/Pods-Parstagram-ParstagramUITests.debug.xcconfig"; sourceTree = "<group>"; };
		F2ED443BA2C3DB4EC555763E /* Pods-Parstagram-ParstagramUITests.release.xcconfig */ = {isa = PBXFileReference; includeInIndex = 1; lastKnownFileType = text.xcconfig; name = "Pods-Parstagram-ParstagramUITests.release.xcconfig"; path = "Target Support Files/Pods-Parstagram-ParstagramUITests/Pods-Parstagram-ParstagramUITests.release.xcconfig"; sourceTree = "<group>"; };
		F2FFC8C2601DA71C913749A2 /* Pods_ParstagramTests.framework */ = {isa = PBXFileReference; explicitFileType = wrapper.framework; includeInIndex = 0; path = Pods_ParstagramTests.framework; sourceTree = BUILT_PRODUCTS_DIR; };
		F57F582E73D5E093DEC52F0C /* Pods_Parstagram.framework */ = {isa = PBXFileReference; explicitFileType = wrapper.framework; includeInIndex = 0; path = Pods_Parstagram.framework; sourceTree = BUILT_PRODUCTS_DIR; };
/* End PBXFileReference section */

/* Begin PBXFrameworksBuildPhase section */
		5E65500F25F73B2D009EB3DE /* Frameworks */ = {
			isa = PBXFrameworksBuildPhase;
			buildActionMask = 2147483647;
			files = (
				79E8FDCF88451317606AA651 /* Pods_Parstagram.framework in Frameworks */,
			);
			runOnlyForDeploymentPostprocessing = 0;
		};
		5E65502525F73B2F009EB3DE /* Frameworks */ = {
			isa = PBXFrameworksBuildPhase;
			buildActionMask = 2147483647;
			files = (
				0EA2474E62B4FFE3695659FD /* Pods_ParstagramTests.framework in Frameworks */,
			);
			runOnlyForDeploymentPostprocessing = 0;
		};
		5E65503025F73B2F009EB3DE /* Frameworks */ = {
			isa = PBXFrameworksBuildPhase;
			buildActionMask = 2147483647;
			files = (
				1D5CFE5039075D8246F6754F /* Pods_Parstagram_ParstagramUITests.framework in Frameworks */,
			);
			runOnlyForDeploymentPostprocessing = 0;
		};
/* End PBXFrameworksBuildPhase section */

/* Begin PBXGroup section */
		4224E24B0603B0F16DD02FC2 /* Pods */ = {
			isa = PBXGroup;
			children = (
				2F7192E5F04A9BF2376B1A65 /* Pods-Parstagram.debug.xcconfig */,
				02A79F8F07C0C728B24357C5 /* Pods-Parstagram.release.xcconfig */,
				D25C9BD2CC7F7563861EBDEF /* Pods-Parstagram-ParstagramUITests.debug.xcconfig */,
				F2ED443BA2C3DB4EC555763E /* Pods-Parstagram-ParstagramUITests.release.xcconfig */,
				174CF91C467FC26C8A73E750 /* Pods-ParstagramTests.debug.xcconfig */,
				0242FDC81D7A827495E04E13 /* Pods-ParstagramTests.release.xcconfig */,
			);
			path = Pods;
			sourceTree = "<group>";
		};
		5E65500925F73B2D009EB3DE = {
			isa = PBXGroup;
			children = (
				5E65501425F73B2D009EB3DE /* Parstagram */,
				5E65502B25F73B2F009EB3DE /* ParstagramTests */,
				5E65503625F73B2F009EB3DE /* ParstagramUITests */,
				5E65501325F73B2D009EB3DE /* Products */,
				4224E24B0603B0F16DD02FC2 /* Pods */,
				9A7095CCD2A71931E41903BB /* Frameworks */,
			);
			sourceTree = "<group>";
		};
		5E65501325F73B2D009EB3DE /* Products */ = {
			isa = PBXGroup;
			children = (
				5E65501225F73B2D009EB3DE /* Parstagram.app */,
				5E65502825F73B2F009EB3DE /* ParstagramTests.xctest */,
				5E65503325F73B2F009EB3DE /* ParstagramUITests.xctest */,
			);
			name = Products;
			sourceTree = "<group>";
		};
		5E65501425F73B2D009EB3DE /* Parstagram */ = {
			isa = PBXGroup;
			children = (
				5E65501525F73B2D009EB3DE /* AppDelegate.swift */,
				5E65501725F73B2D009EB3DE /* SceneDelegate.swift */,
				5E65501B25F73B2D009EB3DE /* Main.storyboard */,
				5E65501E25F73B2F009EB3DE /* Assets.xcassets */,
				5E65502025F73B2F009EB3DE /* LaunchScreen.storyboard */,
				5E65502325F73B2F009EB3DE /* Info.plist */,
				5E65504B25F73EB1009EB3DE /* LoginViewController.swift */,
				5E65505025F73EBC009EB3DE /* FeedViewController.swift */,
				5E65506125F7D4D5009EB3DE /* CameraViewController.swift */,
				5E65507125F7FD36009EB3DE /* PostCell.swift */,
				5E6918B626017EDC0088DA57 /* CommentCell.swift */,
			);
			path = Parstagram;
			sourceTree = "<group>";
		};
		5E65502B25F73B2F009EB3DE /* ParstagramTests */ = {
			isa = PBXGroup;
			children = (
				5E65502C25F73B2F009EB3DE /* ParstagramTests.swift */,
				5E65502E25F73B2F009EB3DE /* Info.plist */,
			);
			path = ParstagramTests;
			sourceTree = "<group>";
		};
		5E65503625F73B2F009EB3DE /* ParstagramUITests */ = {
			isa = PBXGroup;
			children = (
				5E65503725F73B2F009EB3DE /* ParstagramUITests.swift */,
				5E65503925F73B2F009EB3DE /* Info.plist */,
			);
			path = ParstagramUITests;
			sourceTree = "<group>";
		};
		9A7095CCD2A71931E41903BB /* Frameworks */ = {
			isa = PBXGroup;
			children = (
				F57F582E73D5E093DEC52F0C /* Pods_Parstagram.framework */,
				1F64ADD5CD5ED936BDBF2D22 /* Pods_Parstagram_ParstagramUITests.framework */,
				F2FFC8C2601DA71C913749A2 /* Pods_ParstagramTests.framework */,
			);
			name = Frameworks;
			sourceTree = "<group>";
		};
/* End PBXGroup section */

/* Begin PBXNativeTarget section */
		5E65501125F73B2D009EB3DE /* Parstagram */ = {
			isa = PBXNativeTarget;
			buildConfigurationList = 5E65503C25F73B2F009EB3DE /* Build configuration list for PBXNativeTarget "Parstagram" */;
			buildPhases = (
				A5F13F5C47DCEDE7D58311DA /* [CP] Check Pods Manifest.lock */,
				5E65500E25F73B2D009EB3DE /* Sources */,
				5E65500F25F73B2D009EB3DE /* Frameworks */,
				5E65501025F73B2D009EB3DE /* Resources */,
				331C6B9580CCB66633130178 /* [CP] Embed Pods Frameworks */,
			);
			buildRules = (
			);
			dependencies = (
			);
			name = Parstagram;
			productName = Parstagram;
			productReference = 5E65501225F73B2D009EB3DE /* Parstagram.app */;
			productType = "com.apple.product-type.application";
		};
		5E65502725F73B2F009EB3DE /* ParstagramTests */ = {
			isa = PBXNativeTarget;
			buildConfigurationList = 5E65503F25F73B2F009EB3DE /* Build configuration list for PBXNativeTarget "ParstagramTests" */;
			buildPhases = (
				FAD79D0EAFCBFCFD3070F265 /* [CP] Check Pods Manifest.lock */,
				5E65502425F73B2F009EB3DE /* Sources */,
				5E65502525F73B2F009EB3DE /* Frameworks */,
				5E65502625F73B2F009EB3DE /* Resources */,
			);
			buildRules = (
			);
			dependencies = (
				5E65502A25F73B2F009EB3DE /* PBXTargetDependency */,
			);
			name = ParstagramTests;
			productName = ParstagramTests;
			productReference = 5E65502825F73B2F009EB3DE /* ParstagramTests.xctest */;
			productType = "com.apple.product-type.bundle.unit-test";
		};
		5E65503225F73B2F009EB3DE /* ParstagramUITests */ = {
			isa = PBXNativeTarget;
			buildConfigurationList = 5E65504225F73B2F009EB3DE /* Build configuration list for PBXNativeTarget "ParstagramUITests" */;
			buildPhases = (
				9324D9DE72F03451229B3FA3 /* [CP] Check Pods Manifest.lock */,
				5E65502F25F73B2F009EB3DE /* Sources */,
				5E65503025F73B2F009EB3DE /* Frameworks */,
				5E65503125F73B2F009EB3DE /* Resources */,
				90CD5769E93F5EE381E65EC6 /* [CP] Embed Pods Frameworks */,
			);
			buildRules = (
			);
			dependencies = (
				5E65503525F73B2F009EB3DE /* PBXTargetDependency */,
			);
			name = ParstagramUITests;
			productName = ParstagramUITests;
			productReference = 5E65503325F73B2F009EB3DE /* ParstagramUITests.xctest */;
			productType = "com.apple.product-type.bundle.ui-testing";
		};
/* End PBXNativeTarget section */

/* Begin PBXProject section */
		5E65500A25F73B2D009EB3DE /* Project object */ = {
			isa = PBXProject;
			attributes = {
				LastSwiftUpdateCheck = 1240;
				LastUpgradeCheck = 1240;
				TargetAttributes = {
					5E65501125F73B2D009EB3DE = {
						CreatedOnToolsVersion = 12.4;
					};
					5E65502725F73B2F009EB3DE = {
						CreatedOnToolsVersion = 12.4;
						TestTargetID = 5E65501125F73B2D009EB3DE;
					};
					5E65503225F73B2F009EB3DE = {
						CreatedOnToolsVersion = 12.4;
						TestTargetID = 5E65501125F73B2D009EB3DE;
					};
				};
			};
			buildConfigurationList = 5E65500D25F73B2D009EB3DE /* Build configuration list for PBXProject "Parstagram" */;
			compatibilityVersion = "Xcode 9.3";
			developmentRegion = en;
			hasScannedForEncodings = 0;
			knownRegions = (
				en,
				Base,
			);
			mainGroup = 5E65500925F73B2D009EB3DE;
			productRefGroup = 5E65501325F73B2D009EB3DE /* Products */;
			projectDirPath = "";
			projectRoot = "";
			targets = (
				5E65501125F73B2D009EB3DE /* Parstagram */,
				5E65502725F73B2F009EB3DE /* ParstagramTests */,
				5E65503225F73B2F009EB3DE /* ParstagramUITests */,
			);
		};
/* End PBXProject section */

/* Begin PBXResourcesBuildPhase section */
		5E65501025F73B2D009EB3DE /* Resources */ = {
			isa = PBXResourcesBuildPhase;
			buildActionMask = 2147483647;
			files = (
				5E65502225F73B2F009EB3DE /* LaunchScreen.storyboard in Resources */,
				5E65501F25F73B2F009EB3DE /* Assets.xcassets in Resources */,
				5E65501D25F73B2D009EB3DE /* Main.storyboard in Resources */,
			);
			runOnlyForDeploymentPostprocessing = 0;
		};
		5E65502625F73B2F009EB3DE /* Resources */ = {
			isa = PBXResourcesBuildPhase;
			buildActionMask = 2147483647;
			files = (
			);
			runOnlyForDeploymentPostprocessing = 0;
		};
		5E65503125F73B2F009EB3DE /* Resources */ = {
			isa = PBXResourcesBuildPhase;
			buildActionMask = 2147483647;
			files = (
			);
			runOnlyForDeploymentPostprocessing = 0;
		};
/* End PBXResourcesBuildPhase section */

/* Begin PBXShellScriptBuildPhase section */
		331C6B9580CCB66633130178 /* [CP] Embed Pods Frameworks */ = {
			isa = PBXShellScriptBuildPhase;
			buildActionMask = 2147483647;
			files = (
			);
			inputFileListPaths = (
				"${PODS_ROOT}/Target Support Files/Pods-Parstagram/Pods-Parstagram-frameworks-${CONFIGURATION}-input-files.xcfilelist",
			);
			name = "[CP] Embed Pods Frameworks";
			outputFileListPaths = (
				"${PODS_ROOT}/Target Support Files/Pods-Parstagram/Pods-Parstagram-frameworks-${CONFIGURATION}-output-files.xcfilelist",
			);
			runOnlyForDeploymentPostprocessing = 0;
			shellPath = /bin/sh;
			shellScript = "\"${PODS_ROOT}/Target Support Files/Pods-Parstagram/Pods-Parstagram-frameworks.sh\"\n";
			showEnvVarsInLog = 0;
		};
		90CD5769E93F5EE381E65EC6 /* [CP] Embed Pods Frameworks */ = {
			isa = PBXShellScriptBuildPhase;
			buildActionMask = 2147483647;
			files = (
			);
			inputFileListPaths = (
				"${PODS_ROOT}/Target Support Files/Pods-Parstagram-ParstagramUITests/Pods-Parstagram-ParstagramUITests-frameworks-${CONFIGURATION}-input-files.xcfilelist",
			);
			name = "[CP] Embed Pods Frameworks";
			outputFileListPaths = (
				"${PODS_ROOT}/Target Support Files/Pods-Parstagram-ParstagramUITests/Pods-Parstagram-ParstagramUITests-frameworks-${CONFIGURATION}-output-files.xcfilelist",
			);
			runOnlyForDeploymentPostprocessing = 0;
			shellPath = /bin/sh;
			shellScript = "\"${PODS_ROOT}/Target Support Files/Pods-Parstagram-ParstagramUITests/Pods-Parstagram-ParstagramUITests-frameworks.sh\"\n";
			showEnvVarsInLog = 0;
		};
		9324D9DE72F03451229B3FA3 /* [CP] Check Pods Manifest.lock */ = {
			isa = PBXShellScriptBuildPhase;
			buildActionMask = 2147483647;
			files = (
			);
			inputFileListPaths = (
			);
			inputPaths = (
				"${PODS_PODFILE_DIR_PATH}/Podfile.lock",
				"${PODS_ROOT}/Manifest.lock",
			);
			name = "[CP] Check Pods Manifest.lock";
			outputFileListPaths = (
			);
			outputPaths = (
				"$(DERIVED_FILE_DIR)/Pods-Parstagram-ParstagramUITests-checkManifestLockResult.txt",
			);
			runOnlyForDeploymentPostprocessing = 0;
			shellPath = /bin/sh;
			shellScript = "diff \"${PODS_PODFILE_DIR_PATH}/Podfile.lock\" \"${PODS_ROOT}/Manifest.lock\" > /dev/null\nif [ $? != 0 ] ; then\n    # print error to STDERR\n    echo \"error: The sandbox is not in sync with the Podfile.lock. Run 'pod install' or update your CocoaPods installation.\" >&2\n    exit 1\nfi\n# This output is used by Xcode 'outputs' to avoid re-running this script phase.\necho \"SUCCESS\" > \"${SCRIPT_OUTPUT_FILE_0}\"\n";
			showEnvVarsInLog = 0;
		};
		A5F13F5C47DCEDE7D58311DA /* [CP] Check Pods Manifest.lock */ = {
			isa = PBXShellScriptBuildPhase;
			buildActionMask = 2147483647;
			files = (
			);
			inputFileListPaths = (
			);
			inputPaths = (
				"${PODS_PODFILE_DIR_PATH}/Podfile.lock",
				"${PODS_ROOT}/Manifest.lock",
			);
			name = "[CP] Check Pods Manifest.lock";
			outputFileListPaths = (
			);
			outputPaths = (
				"$(DERIVED_FILE_DIR)/Pods-Parstagram-checkManifestLockResult.txt",
			);
			runOnlyForDeploymentPostprocessing = 0;
			shellPath = /bin/sh;
			shellScript = "diff \"${PODS_PODFILE_DIR_PATH}/Podfile.lock\" \"${PODS_ROOT}/Manifest.lock\" > /dev/null\nif [ $? != 0 ] ; then\n    # print error to STDERR\n    echo \"error: The sandbox is not in sync with the Podfile.lock. Run 'pod install' or update your CocoaPods installation.\" >&2\n    exit 1\nfi\n# This output is used by Xcode 'outputs' to avoid re-running this script phase.\necho \"SUCCESS\" > \"${SCRIPT_OUTPUT_FILE_0}\"\n";
			showEnvVarsInLog = 0;
		};
		FAD79D0EAFCBFCFD3070F265 /* [CP] Check Pods Manifest.lock */ = {
			isa = PBXShellScriptBuildPhase;
			buildActionMask = 2147483647;
			files = (
			);
			inputFileListPaths = (
			);
			inputPaths = (
				"${PODS_PODFILE_DIR_PATH}/Podfile.lock",
				"${PODS_ROOT}/Manifest.lock",
			);
			name = "[CP] Check Pods Manifest.lock";
			outputFileListPaths = (
			);
			outputPaths = (
				"$(DERIVED_FILE_DIR)/Pods-ParstagramTests-checkManifestLockResult.txt",
			);
			runOnlyForDeploymentPostprocessing = 0;
			shellPath = /bin/sh;
			shellScript = "diff \"${PODS_PODFILE_DIR_PATH}/Podfile.lock\" \"${PODS_ROOT}/Manifest.lock\" > /dev/null\nif [ $? != 0 ] ; then\n    # print error to STDERR\n    echo \"error: The sandbox is not in sync with the Podfile.lock. Run 'pod install' or update your CocoaPods installation.\" >&2\n    exit 1\nfi\n# This output is used by Xcode 'outputs' to avoid re-running this script phase.\necho \"SUCCESS\" > \"${SCRIPT_OUTPUT_FILE_0}\"\n";
			showEnvVarsInLog = 0;
		};
/* End PBXShellScriptBuildPhase section */

/* Begin PBXSourcesBuildPhase section */
		5E65500E25F73B2D009EB3DE /* Sources */ = {
			isa = PBXSourcesBuildPhase;
			buildActionMask = 2147483647;
			files = (
				5E65504C25F73EB1009EB3DE /* LoginViewController.swift in Sources */,
				5E65506225F7D4D5009EB3DE /* CameraViewController.swift in Sources */,
				5E65501625F73B2D009EB3DE /* AppDelegate.swift in Sources */,
				5E65505125F73EBC009EB3DE /* FeedViewController.swift in Sources */,
				5E65501825F73B2D009EB3DE /* SceneDelegate.swift in Sources */,
				5E65507225F7FD36009EB3DE /* PostCell.swift in Sources */,
				5E6918B726017EDC0088DA57 /* CommentCell.swift in Sources */,
			);
			runOnlyForDeploymentPostprocessing = 0;
		};
		5E65502425F73B2F009EB3DE /* Sources */ = {
			isa = PBXSourcesBuildPhase;
			buildActionMask = 2147483647;
			files = (
				5E65502D25F73B2F009EB3DE /* ParstagramTests.swift in Sources */,
			);
			runOnlyForDeploymentPostprocessing = 0;
		};
		5E65502F25F73B2F009EB3DE /* Sources */ = {
			isa = PBXSourcesBuildPhase;
			buildActionMask = 2147483647;
			files = (
				5E65503825F73B2F009EB3DE /* ParstagramUITests.swift in Sources */,
			);
			runOnlyForDeploymentPostprocessing = 0;
		};
/* End PBXSourcesBuildPhase section */

/* Begin PBXTargetDependency section */
		5E65502A25F73B2F009EB3DE /* PBXTargetDependency */ = {
			isa = PBXTargetDependency;
			target = 5E65501125F73B2D009EB3DE /* Parstagram */;
			targetProxy = 5E65502925F73B2F009EB3DE /* PBXContainerItemProxy */;
		};
		5E65503525F73B2F009EB3DE /* PBXTargetDependency */ = {
			isa = PBXTargetDependency;
			target = 5E65501125F73B2D009EB3DE /* Parstagram */;
			targetProxy = 5E65503425F73B2F009EB3DE /* PBXContainerItemProxy */;
		};
/* End PBXTargetDependency section */

/* Begin PBXVariantGroup section */
		5E65501B25F73B2D009EB3DE /* Main.storyboard */ = {
			isa = PBXVariantGroup;
			children = (
				5E65501C25F73B2D009EB3DE /* Base */,
			);
			name = Main.storyboard;
			sourceTree = "<group>";
		};
		5E65502025F73B2F009EB3DE /* LaunchScreen.storyboard */ = {
			isa = PBXVariantGroup;
			children = (
				5E65502125F73B2F009EB3DE /* Base */,
			);
			name = LaunchScreen.storyboard;
			sourceTree = "<group>";
		};
/* End PBXVariantGroup section */

/* Begin XCBuildConfiguration section */
		5E65503A25F73B2F009EB3DE /* Debug */ = {
			isa = XCBuildConfiguration;
			buildSettings = {
				ALWAYS_SEARCH_USER_PATHS = NO;
				CLANG_ANALYZER_NONNULL = YES;
				CLANG_ANALYZER_NUMBER_OBJECT_CONVERSION = YES_AGGRESSIVE;
				CLANG_CXX_LANGUAGE_STANDARD = "gnu++14";
				CLANG_CXX_LIBRARY = "libc++";
				CLANG_ENABLE_MODULES = YES;
				CLANG_ENABLE_OBJC_ARC = YES;
				CLANG_ENABLE_OBJC_WEAK = YES;
				CLANG_WARN_BLOCK_CAPTURE_AUTORELEASING = YES;
				CLANG_WARN_BOOL_CONVERSION = YES;
				CLANG_WARN_COMMA = YES;
				CLANG_WARN_CONSTANT_CONVERSION = YES;
				CLANG_WARN_DEPRECATED_OBJC_IMPLEMENTATIONS = YES;
				CLANG_WARN_DIRECT_OBJC_ISA_USAGE = YES_ERROR;
				CLANG_WARN_DOCUMENTATION_COMMENTS = YES;
				CLANG_WARN_EMPTY_BODY = YES;
				CLANG_WARN_ENUM_CONVERSION = YES;
				CLANG_WARN_INFINITE_RECURSION = YES;
				CLANG_WARN_INT_CONVERSION = YES;
				CLANG_WARN_NON_LITERAL_NULL_CONVERSION = YES;
				CLANG_WARN_OBJC_IMPLICIT_RETAIN_SELF = YES;
				CLANG_WARN_OBJC_LITERAL_CONVERSION = YES;
				CLANG_WARN_OBJC_ROOT_CLASS = YES_ERROR;
				CLANG_WARN_QUOTED_INCLUDE_IN_FRAMEWORK_HEADER = YES;
				CLANG_WARN_RANGE_LOOP_ANALYSIS = YES;
				CLANG_WARN_STRICT_PROTOTYPES = YES;
				CLANG_WARN_SUSPICIOUS_MOVE = YES;
				CLANG_WARN_UNGUARDED_AVAILABILITY = YES_AGGRESSIVE;
				CLANG_WARN_UNREACHABLE_CODE = YES;
				CLANG_WARN__DUPLICATE_METHOD_MATCH = YES;
				COPY_PHASE_STRIP = NO;
				DEBUG_INFORMATION_FORMAT = dwarf;
				ENABLE_STRICT_OBJC_MSGSEND = YES;
				ENABLE_TESTABILITY = YES;
				GCC_C_LANGUAGE_STANDARD = gnu11;
				GCC_DYNAMIC_NO_PIC = NO;
				GCC_NO_COMMON_BLOCKS = YES;
				GCC_OPTIMIZATION_LEVEL = 0;
				GCC_PREPROCESSOR_DEFINITIONS = (
					"DEBUG=1",
					"$(inherited)",
				);
				GCC_WARN_64_TO_32_BIT_CONVERSION = YES;
				GCC_WARN_ABOUT_RETURN_TYPE = YES_ERROR;
				GCC_WARN_UNDECLARED_SELECTOR = YES;
				GCC_WARN_UNINITIALIZED_AUTOS = YES_AGGRESSIVE;
				GCC_WARN_UNUSED_FUNCTION = YES;
				GCC_WARN_UNUSED_VARIABLE = YES;
				IPHONEOS_DEPLOYMENT_TARGET = 14.4;
				MTL_ENABLE_DEBUG_INFO = INCLUDE_SOURCE;
				MTL_FAST_MATH = YES;
				ONLY_ACTIVE_ARCH = YES;
				SDKROOT = iphoneos;
				SWIFT_ACTIVE_COMPILATION_CONDITIONS = DEBUG;
				SWIFT_OPTIMIZATION_LEVEL = "-Onone";
			};
			name = Debug;
		};
		5E65503B25F73B2F009EB3DE /* Release */ = {
			isa = XCBuildConfiguration;
			buildSettings = {
				ALWAYS_SEARCH_USER_PATHS = NO;
				CLANG_ANALYZER_NONNULL = YES;
				CLANG_ANALYZER_NUMBER_OBJECT_CONVERSION = YES_AGGRESSIVE;
				CLANG_CXX_LANGUAGE_STANDARD = "gnu++14";
				CLANG_CXX_LIBRARY = "libc++";
				CLANG_ENABLE_MODULES = YES;
				CLANG_ENABLE_OBJC_ARC = YES;
				CLANG_ENABLE_OBJC_WEAK = YES;
				CLANG_WARN_BLOCK_CAPTURE_AUTORELEASING = YES;
				CLANG_WARN_BOOL_CONVERSION = YES;
				CLANG_WARN_COMMA = YES;
				CLANG_WARN_CONSTANT_CONVERSION = YES;
				CLANG_WARN_DEPRECATED_OBJC_IMPLEMENTATIONS = YES;
				CLANG_WARN_DIRECT_OBJC_ISA_USAGE = YES_ERROR;
				CLANG_WARN_DOCUMENTATION_COMMENTS = YES;
				CLANG_WARN_EMPTY_BODY = YES;
				CLANG_WARN_ENUM_CONVERSION = YES;
				CLANG_WARN_INFINITE_RECURSION = YES;
				CLANG_WARN_INT_CONVERSION = YES;
				CLANG_WARN_NON_LITERAL_NULL_CONVERSION = YES;
				CLANG_WARN_OBJC_IMPLICIT_RETAIN_SELF = YES;
				CLANG_WARN_OBJC_LITERAL_CONVERSION = YES;
				CLANG_WARN_OBJC_ROOT_CLASS = YES_ERROR;
				CLANG_WARN_QUOTED_INCLUDE_IN_FRAMEWORK_HEADER = YES;
				CLANG_WARN_RANGE_LOOP_ANALYSIS = YES;
				CLANG_WARN_STRICT_PROTOTYPES = YES;
				CLANG_WARN_SUSPICIOUS_MOVE = YES;
				CLANG_WARN_UNGUARDED_AVAILABILITY = YES_AGGRESSIVE;
				CLANG_WARN_UNREACHABLE_CODE = YES;
				CLANG_WARN__DUPLICATE_METHOD_MATCH = YES;
				COPY_PHASE_STRIP = NO;
				DEBUG_INFORMATION_FORMAT = "dwarf-with-dsym";
				ENABLE_NS_ASSERTIONS = NO;
				ENABLE_STRICT_OBJC_MSGSEND = YES;
				GCC_C_LANGUAGE_STANDARD = gnu11;
				GCC_NO_COMMON_BLOCKS = YES;
				GCC_WARN_64_TO_32_BIT_CONVERSION = YES;
				GCC_WARN_ABOUT_RETURN_TYPE = YES_ERROR;
				GCC_WARN_UNDECLARED_SELECTOR = YES;
				GCC_WARN_UNINITIALIZED_AUTOS = YES_AGGRESSIVE;
				GCC_WARN_UNUSED_FUNCTION = YES;
				GCC_WARN_UNUSED_VARIABLE = YES;
				IPHONEOS_DEPLOYMENT_TARGET = 14.4;
				MTL_ENABLE_DEBUG_INFO = NO;
				MTL_FAST_MATH = YES;
				SDKROOT = iphoneos;
				SWIFT_COMPILATION_MODE = wholemodule;
				SWIFT_OPTIMIZATION_LEVEL = "-O";
				VALIDATE_PRODUCT = YES;
			};
			name = Release;
		};
		5E65503D25F73B2F009EB3DE /* Debug */ = {
			isa = XCBuildConfiguration;
			baseConfigurationReference = 2F7192E5F04A9BF2376B1A65 /* Pods-Parstagram.debug.xcconfig */;
			buildSettings = {
				ASSETCATALOG_COMPILER_APPICON_NAME = AppIcon;
				ASSETCATALOG_COMPILER_GLOBAL_ACCENT_COLOR_NAME = AccentColor;
				CODE_SIGN_STYLE = Automatic;
				INFOPLIST_FILE = Parstagram/Info.plist;
				LD_RUNPATH_SEARCH_PATHS = (
					"$(inherited)",
					"@executable_path/Frameworks",
				);
				PRODUCT_BUNDLE_IDENTIFIER = memo.com.Parstagram;
				PRODUCT_NAME = "$(TARGET_NAME)";
				SWIFT_VERSION = 5.0;
				TARGETED_DEVICE_FAMILY = "1,2";
			};
			name = Debug;
		};
		5E65503E25F73B2F009EB3DE /* Release */ = {
			isa = XCBuildConfiguration;
			baseConfigurationReference = 02A79F8F07C0C728B24357C5 /* Pods-Parstagram.release.xcconfig */;
			buildSettings = {
				ASSETCATALOG_COMPILER_APPICON_NAME = AppIcon;
				ASSETCATALOG_COMPILER_GLOBAL_ACCENT_COLOR_NAME = AccentColor;
				CODE_SIGN_STYLE = Automatic;
				INFOPLIST_FILE = Parstagram/Info.plist;
				LD_RUNPATH_SEARCH_PATHS = (
					"$(inherited)",
					"@executable_path/Frameworks",
				);
				PRODUCT_BUNDLE_IDENTIFIER = memo.com.Parstagram;
				PRODUCT_NAME = "$(TARGET_NAME)";
				SWIFT_VERSION = 5.0;
				TARGETED_DEVICE_FAMILY = "1,2";
			};
			name = Release;
		};
		5E65504025F73B2F009EB3DE /* Debug */ = {
			isa = XCBuildConfiguration;
			baseConfigurationReference = 174CF91C467FC26C8A73E750 /* Pods-ParstagramTests.debug.xcconfig */;
			buildSettings = {
				ALWAYS_EMBED_SWIFT_STANDARD_LIBRARIES = YES;
				BUNDLE_LOADER = "$(TEST_HOST)";
				CODE_SIGN_STYLE = Automatic;
				INFOPLIST_FILE = ParstagramTests/Info.plist;
				IPHONEOS_DEPLOYMENT_TARGET = 14.4;
				LD_RUNPATH_SEARCH_PATHS = (
					"$(inherited)",
					"@executable_path/Frameworks",
					"@loader_path/Frameworks",
				);
				PRODUCT_BUNDLE_IDENTIFIER = memo.com.ParstagramTests;
				PRODUCT_NAME = "$(TARGET_NAME)";
				SWIFT_VERSION = 5.0;
				TARGETED_DEVICE_FAMILY = "1,2";
				TEST_HOST = "$(BUILT_PRODUCTS_DIR)/Parstagram.app/Parstagram";
			};
			name = Debug;
		};
		5E65504125F73B2F009EB3DE /* Release */ = {
			isa = XCBuildConfiguration;
			baseConfigurationReference = 0242FDC81D7A827495E04E13 /* Pods-ParstagramTests.release.xcconfig */;
			buildSettings = {
				ALWAYS_EMBED_SWIFT_STANDARD_LIBRARIES = YES;
				BUNDLE_LOADER = "$(TEST_HOST)";
				CODE_SIGN_STYLE = Automatic;
				INFOPLIST_FILE = ParstagramTests/Info.plist;
				IPHONEOS_DEPLOYMENT_TARGET = 14.4;
				LD_RUNPATH_SEARCH_PATHS = (
					"$(inherited)",
					"@executable_path/Frameworks",
					"@loader_path/Frameworks",
				);
				PRODUCT_BUNDLE_IDENTIFIER = memo.com.ParstagramTests;
				PRODUCT_NAME = "$(TARGET_NAME)";
				SWIFT_VERSION = 5.0;
				TARGETED_DEVICE_FAMILY = "1,2";
				TEST_HOST = "$(BUILT_PRODUCTS_DIR)/Parstagram.app/Parstagram";
			};
			name = Release;
		};
		5E65504325F73B2F009EB3DE /* Debug */ = {
			isa = XCBuildConfiguration;
			baseConfigurationReference = D25C9BD2CC7F7563861EBDEF /* Pods-Parstagram-ParstagramUITests.debug.xcconfig */;
			buildSettings = {
				ALWAYS_EMBED_SWIFT_STANDARD_LIBRARIES = YES;
				CODE_SIGN_STYLE = Automatic;
				INFOPLIST_FILE = ParstagramUITests/Info.plist;
				LD_RUNPATH_SEARCH_PATHS = (
					"$(inherited)",
					"@executable_path/Frameworks",
					"@loader_path/Frameworks",
				);
				PRODUCT_BUNDLE_IDENTIFIER = memo.com.ParstagramUITests;
				PRODUCT_NAME = "$(TARGET_NAME)";
				SWIFT_VERSION = 5.0;
				TARGETED_DEVICE_FAMILY = "1,2";
				TEST_TARGET_NAME = Parstagram;
			};
			name = Debug;
		};
		5E65504425F73B2F009EB3DE /* Release */ = {
			isa = XCBuildConfiguration;
			baseConfigurationReference = F2ED443BA2C3DB4EC555763E /* Pods-Parstagram-ParstagramUITests.release.xcconfig */;
			buildSettings = {
				ALWAYS_EMBED_SWIFT_STANDARD_LIBRARIES = YES;
				CODE_SIGN_STYLE = Automatic;
				INFOPLIST_FILE = ParstagramUITests/Info.plist;
				LD_RUNPATH_SEARCH_PATHS = (
					"$(inherited)",
					"@executable_path/Frameworks",
					"@loader_path/Frameworks",
				);
				PRODUCT_BUNDLE_IDENTIFIER = memo.com.ParstagramUITests;
				PRODUCT_NAME = "$(TARGET_NAME)";
				SWIFT_VERSION = 5.0;
				TARGETED_DEVICE_FAMILY = "1,2";
				TEST_TARGET_NAME = Parstagram;
			};
			name = Release;
		};
/* End XCBuildConfiguration section */

/* Begin XCConfigurationList section */
		5E65500D25F73B2D009EB3DE /* Build configuration list for PBXProject "Parstagram" */ = {
			isa = XCConfigurationList;
			buildConfigurations = (
				5E65503A25F73B2F009EB3DE /* Debug */,
				5E65503B25F73B2F009EB3DE /* Release */,
			);
			defaultConfigurationIsVisible = 0;
			defaultConfigurationName = Release;
		};
		5E65503C25F73B2F009EB3DE /* Build configuration list for PBXNativeTarget "Parstagram" */ = {
			isa = XCConfigurationList;
			buildConfigurations = (
				5E65503D25F73B2F009EB3DE /* Debug */,
				5E65503E25F73B2F009EB3DE /* Release */,
			);
			defaultConfigurationIsVisible = 0;
			defaultConfigurationName = Release;
		};
		5E65503F25F73B2F009EB3DE /* Build configuration list for PBXNativeTarget "ParstagramTests" */ = {
			isa = XCConfigurationList;
			buildConfigurations = (
				5E65504025F73B2F009EB3DE /* Debug */,
				5E65504125F73B2F009EB3DE /* Release */,
			);
			defaultConfigurationIsVisible = 0;
			defaultConfigurationName = Release;
		};
		5E65504225F73B2F009EB3DE /* Build configuration list for PBXNativeTarget "ParstagramUITests" */ = {
			isa = XCConfigurationList;
			buildConfigurations = (
				5E65504325F73B2F009EB3DE /* Debug */,
				5E65504425F73B2F009EB3DE /* Release */,
			);
			defaultConfigurationIsVisible = 0;
			defaultConfigurationName = Release;
		};
/* End XCConfigurationList section */
	};
	rootObject = 5E65500A25F73B2D009EB3DE /* Project object */;
}
